# This file is automatically @generated by Cargo.
# It is not intended for manual editing.
version = 4

[[package]]
name = "bitflags"
version = "2.13.2"
source = "registry+https://github.com/rust-lang/crates.io-index"
checksum = "3ded4057c258ba199e2d26386d3af3780957ecaee6c4ef4041c6b4b8b97c0b06"

[[package]]
name = "lz4_flex"
version = "0.11.6"
source = "registry+https://github.com/rust-lang/crates.io-index"
checksum = "373f5eceeeab7925e0c1098212f2fbc4d416adec9d35051a6ab251e824c1854a"

[[package]]
name = "mkisopsx"
version = "0.1.0"
dependencies = [
 "lz4_flex",
 "psx-iso",
]

[[package]]
name = "psx-hw"
version = "0.1.0"
dependencies = [
 "bitflags",
]

[[package]]
name = "psx-iso"
version = "0.1.0"

[[package]]
name = "psxed-format"
version = "0.1.0"
